{
  "name": "thanos-wallet",
  "version": "1.4.5",
  "lockfileVersion": 1,
  "requires": true,
  "dependencies": {
    "mockzilla": {
      "version": "0.9.0",
      "resolved": "https://registry.npmjs.org/mockzilla/-/mockzilla-0.9.0.tgz",
      "integrity": "sha512-JkVFqrdep3JtaqKh1QC5pV3KzjXtoJp5T32IsuPeZ3kMUcixm/4np3ytNd5OV/QjWn/VsSrd4Ti3dFgVLl9+2A==",
      "dev": true
    },
    "mockzilla-webextension": {
      "version": "0.9.0",
      "resolved": "https://registry.npmjs.org/mockzilla-webextension/-/mockzilla-webextension-0.9.0.tgz",
      "integrity": "sha512-G4VVxJ0fbdN9eBy6n8CxmyyWc5VC7k7zTUYeghshkUDdsAdr6Tos4T2349Qangl4wu6oRZ9AO6ShozBoXXwY4A==",
      "dev": true
    }
  }
}
