// !$*UTF8*$!
{
	archiveVersion = 1;
	classes = {
	};
	objectVersion = 55;
	objects = {

/* Begin PBXBuildFile section */
		B6EA00592893F44900F30EDD /* AppDelegate.swift in Sources */ = {isa = PBXBuildFile; fileRef = B6EA00582893F44900F30EDD /* AppDelegate.swift */; };
		B6EA005B2893F44900F30EDD /* SceneDelegate.swift in Sources */ = {isa = PBXBuildFile; fileRef = B6EA005A2893F44900F30EDD /* SceneDelegate.swift */; };
		B6EA005E2893F44900F30EDD /* LaunchScreen.storyboard in Resources */ = {isa = PBXBuildFile; fileRef = B6EA005C2893F44900F30EDD /* LaunchScreen.storyboard */; };
		B6EA00612893F44900F30EDD /* Main.storyboard in Resources */ = {isa = PBXBuildFile; fileRef = B6EA005F2893F44900F30EDD /* Main.storyboard */; };
		B6EA006A2893F44900F30EDD /* AppDelegate.swift in Sources */ = {isa = PBXBuildFile; fileRef = B6EA00692893F44900F30EDD /* AppDelegate.swift */; };
		B6EA006D2893F44900F30EDD /* Main.storyboard in Resources */ = {isa = PBXBuildFile; fileRef = B6EA006B2893F44900F30EDD /* Main.storyboard */; };
		B6EA00752893F44900F30EDD /* TempleWallet Extension.appex in Embed App Extensions */ = {isa = PBXBuildFile; fileRef = B6EA00742893F44900F30EDD /* TempleWallet Extension.appex */; settings = {ATTRIBUTES = (RemoveHeadersOnCopy, ); }; };
		B6EA007F2893F44900F30EDD /* TempleWallet Extension.appex in Embed App Extensions */ = {isa = PBXBuildFile; fileRef = B6EA007E2893F44900F30EDD /* TempleWallet Extension.appex */; settings = {ATTRIBUTES = (RemoveHeadersOnCopy, ); }; };
		B6EA00852893F44900F30EDD /* Main.html in Resources */ = {isa = PBXBuildFile; fileRef = B6EA00482893F43E00F30EDD /* Main.html */; };
		B6EA00862893F44900F30EDD /* Main.html in Resources */ = {isa = PBXBuildFile; fileRef = B6EA00482893F43E00F30EDD /* Main.html */; };
		B6EA00872893F44900F30EDD /* Icon.png in Resources */ = {isa = PBXBuildFile; fileRef = B6EA004A2893F43E00F30EDD /* Icon.png */; };
		B6EA00882893F44900F30EDD /* Icon.png in Resources */ = {isa = PBXBuildFile; fileRef = B6EA004A2893F43E00F30EDD /* Icon.png */; };
		B6EA00892893F44900F30EDD /* Style.css in Resources */ = {isa = PBXBuildFile; fileRef = B6EA004B2893F43E00F30EDD /* Style.css */; };
		B6EA008A2893F44900F30EDD /* Style.css in Resources */ = {isa = PBXBuildFile; fileRef = B6EA004B2893F43E00F30EDD /* Style.css */; };
		B6EA008B2893F44900F30EDD /* Script.js in Resources */ = {isa = PBXBuildFile; fileRef = B6EA004C2893F43E00F30EDD /* Script.js */; };
		B6EA008C2893F44900F30EDD /* Script.js in Resources */ = {isa = PBXBuildFile; fileRef = B6EA004C2893F43E00F30EDD /* Script.js */; };
		B6EA008D2893F44900F30EDD /* ViewController.swift in Sources */ = {isa = PBXBuildFile; fileRef = B6EA004D2893F43E00F30EDD /* ViewController.swift */; };
		B6EA008E2893F44900F30EDD /* ViewController.swift in Sources */ = {isa = PBXBuildFile; fileRef = B6EA004D2893F43E00F30EDD /* ViewController.swift */; };
		B6EA008F2893F44900F30EDD /* Assets.xcassets in Resources */ = {isa = PBXBuildFile; fileRef = B6EA004E2893F44800F30EDD /* Assets.xcassets */; };
		B6EA00902893F44900F30EDD /* Assets.xcassets in Resources */ = {isa = PBXBuildFile; fileRef = B6EA004E2893F44800F30EDD /* Assets.xcassets */; };
		B6EA00912893F44900F30EDD /* SafariWebExtensionHandler.swift in Sources */ = {isa = PBXBuildFile; fileRef = B6EA00502893F44800F30EDD /* SafariWebExtensionHandler.swift */; };
		B6EA00922893F44900F30EDD /* SafariWebExtensionHandler.swift in Sources */ = {isa = PBXBuildFile; fileRef = B6EA00502893F44800F30EDD /* SafariWebExtensionHandler.swift */; };
		B6EA00AB2893F44B00F30EDD /* misc in Resources */ = {isa = PBXBuildFile; fileRef = B6EA00A42893F44B00F30EDD /* misc */; };
		B6EA00AC2893F44B00F30EDD /* confirm.html in Resources */ = {isa = PBXBuildFile; fileRef = B6EA00A52893F44B00F30EDD /* confirm.html */; };
		B6EA00AD2893F44B00F30EDD /* popup.html in Resources */ = {isa = PBXBuildFile; fileRef = B6EA00A62893F44B00F30EDD /* popup.html */; };
		B6EA00AE2893F44B00F30EDD /* manifest.json in Resources */ = {isa = PBXBuildFile; fileRef = B6EA00A72893F44B00F30EDD /* manifest.json */; };
		B6EA00AF2893F44B00F30EDD /* fullpage.html in Resources */ = {isa = PBXBuildFile; fileRef = B6EA00A82893F44B00F30EDD /* fullpage.html */; };
		B6EA00B02893F44B00F30EDD /* options.html in Resources */ = {isa = PBXBuildFile; fileRef = B6EA00A92893F44B00F30EDD /* options.html */; };
		B6EA00B12893F44B00F30EDD /* _locales in Resources */ = {isa = PBXBuildFile; fileRef = B6EA00AA2893F44B00F30EDD /* _locales */; };
		B6EA00B22893F44B00F30EDD /* misc in Resources */ = {isa = PBXBuildFile; fileRef = B6EA00A42893F44B00F30EDD /* misc */; };
		B6EA00B32893F44B00F30EDD /* confirm.html in Resources */ = {isa = PBXBuildFile; fileRef = B6EA00A52893F44B00F30EDD /* confirm.html */; };
		B6EA00B42893F44B00F30EDD /* popup.html in Resources */ = {isa = PBXBuildFile; fileRef = B6EA00A62893F44B00F30EDD /* popup.html */; };
		B6EA00B52893F44B00F30EDD /* manifest.json in Resources */ = {isa = PBXBuildFile; fileRef = B6EA00A72893F44B00F30EDD /* manifest.json */; };
		B6EA00B62893F44B00F30EDD /* fullpage.html in Resources */ = {isa = PBXBuildFile; fileRef = B6EA00A82893F44B00F30EDD /* fullpage.html */; };
		B6EA00B72893F44B00F30EDD /* options.html in Resources */ = {isa = PBXBuildFile; fileRef = B6EA00A92893F44B00F30EDD /* options.html */; };
		B6EA00B82893F44B00F30EDD /* _locales in Resources */ = {isa = PBXBuildFile; fileRef = B6EA00AA2893F44B00F30EDD /* _locales */; };
/* End PBXBuildFile section */

/* Begin PBXContainerItemProxy section */
		B6EA00762893F44900F30EDD /* PBXContainerItemProxy */ = {
			isa = PBXContainerItemProxy;
			containerPortal = B6EA00422893F43E00F30EDD /* Project object */;
			proxyType = 1;
			remoteGlobalIDString = B6EA00732893F44900F30EDD;
			remoteInfo = "TempleWallet Extension (iOS)";
		};
		B6EA00802893F44900F30EDD /* PBXContainerItemProxy */ = {
			isa = PBXContainerItemProxy;
			containerPortal = B6EA00422893F43E00F30EDD /* Project object */;
			proxyType = 1;
			remoteGlobalIDString = B6EA007D2893F44900F30EDD;
			remoteInfo = "TempleWallet Extension (macOS)";
		};
/* End PBXContainerItemProxy section */

/* Begin PBXCopyFilesBuildPhase section */
		B6EA00982893F44900F30EDD /* Embed App Extensions */ = {
			isa = PBXCopyFilesBuildPhase;
			buildActionMask = 2147483647;
			dstPath = "";
			dstSubfolderSpec = 13;
			files = (
				B6EA00752893F44900F30EDD /* TempleWallet Extension.appex in Embed App Extensions */,
			);
			name = "Embed App Extensions";
			runOnlyForDeploymentPostprocessing = 0;
		};
		B6EA009F2893F44900F30EDD /* Embed App Extensions */ = {
			isa = PBXCopyFilesBuildPhase;
			buildActionMask = 2147483647;
			dstPath = "";
			dstSubfolderSpec = 13;
			files = (
				B6EA007F2893F44900F30EDD /* TempleWallet Extension.appex in Embed App Extensions */,
			);
			name = "Embed App Extensions";
			runOnlyForDeploymentPostprocessing = 0;
		};
/* End PBXCopyFilesBuildPhase section */

/* Begin PBXFileReference section */
		B6EA00492893F43E00F30EDD /* Base */ = {isa = PBXFileReference; lastKnownFileType = text.html; name = Base; path = ../Base.lproj/Main.html; sourceTree = "<group>"; };
		B6EA004A2893F43E00F30EDD /* Icon.png */ = {isa = PBXFileReference; lastKnownFileType = image.png; path = Icon.png; sourceTree = "<group>"; };
		B6EA004B2893F43E00F30EDD /* Style.css */ = {isa = PBXFileReference; lastKnownFileType = text.css; path = Style.css; sourceTree = "<group>"; };
		B6EA004C2893F43E00F30EDD /* Script.js */ = {isa = PBXFileReference; lastKnownFileType = sourcecode.javascript; path = Script.js; sourceTree = "<group>"; };
		B6EA004D2893F43E00F30EDD /* ViewController.swift */ = {isa = PBXFileReference; lastKnownFileType = sourcecode.swift; path = ViewController.swift; sourceTree = "<group>"; };
		B6EA004E2893F44800F30EDD /* Assets.xcassets */ = {isa = PBXFileReference; lastKnownFileType = folder.assetcatalog; path = Assets.xcassets; sourceTree = "<group>"; };
		B6EA00502893F44800F30EDD /* SafariWebExtensionHandler.swift */ = {isa = PBXFileReference; lastKnownFileType = sourcecode.swift; path = SafariWebExtensionHandler.swift; sourceTree = "<group>"; };
		B6EA00552893F44900F30EDD /* TempleWallet.app */ = {isa = PBXFileReference; explicitFileType = wrapper.application; includeInIndex = 0; path = TempleWallet.app; sourceTree = BUILT_PRODUCTS_DIR; };
		B6EA00582893F44900F30EDD /* AppDelegate.swift */ = {isa = PBXFileReference; lastKnownFileType = sourcecode.swift; path = AppDelegate.swift; sourceTree = "<group>"; };
		B6EA005A2893F44900F30EDD /* SceneDelegate.swift */ = {isa = PBXFileReference; lastKnownFileType = sourcecode.swift; path = SceneDelegate.swift; sourceTree = "<group>"; };
		B6EA005D2893F44900F30EDD /* Base */ = {isa = PBXFileReference; lastKnownFileType = file.storyboard; name = Base; path = Base.lproj/LaunchScreen.storyboard; sourceTree = "<group>"; };
		B6EA00602893F44900F30EDD /* Base */ = {isa = PBXFileReference; lastKnownFileType = file.storyboard; name = Base; path = Base.lproj/Main.storyboard; sourceTree = "<group>"; };
		B6EA00622893F44900F30EDD /* Info.plist */ = {isa = PBXFileReference; lastKnownFileType = text.plist.xml; path = Info.plist; sourceTree = "<group>"; };
		B6EA00672893F44900F30EDD /* TempleWallet.app */ = {isa = PBXFileReference; explicitFileType = wrapper.application; includeInIndex = 0; path = TempleWallet.app; sourceTree = BUILT_PRODUCTS_DIR; };
		B6EA00692893F44900F30EDD /* AppDelegate.swift */ = {isa = PBXFileReference; lastKnownFileType = sourcecode.swift; path = AppDelegate.swift; sourceTree = "<group>"; };
		B6EA006C2893F44900F30EDD /* Base */ = {isa = PBXFileReference; lastKnownFileType = file.storyboard; name = Base; path = Base.lproj/Main.storyboard; sourceTree = "<group>"; };
		B6EA006E2893F44900F30EDD /* Info.plist */ = {isa = PBXFileReference; lastKnownFileType = text.plist.xml; path = Info.plist; sourceTree = "<group>"; };
		B6EA006F2893F44900F30EDD /* TempleWallet.entitlements */ = {isa = PBXFileReference; lastKnownFileType = text.plist.entitlements; path = TempleWallet.entitlements; sourceTree = "<group>"; };
		B6EA00742893F44900F30EDD /* TempleWallet Extension.appex */ = {isa = PBXFileReference; explicitFileType = "wrapper.app-extension"; includeInIndex = 0; path = "TempleWallet Extension.appex"; sourceTree = BUILT_PRODUCTS_DIR; };
		B6EA00792893F44900F30EDD /* Info.plist */ = {isa = PBXFileReference; lastKnownFileType = text.plist.xml; path = Info.plist; sourceTree = "<group>"; };
		B6EA007E2893F44900F30EDD /* TempleWallet Extension.appex */ = {isa = PBXFileReference; explicitFileType = "wrapper.app-extension"; includeInIndex = 0; path = "TempleWallet Extension.appex"; sourceTree = BUILT_PRODUCTS_DIR; };
		B6EA00832893F44900F30EDD /* Info.plist */ = {isa = PBXFileReference; lastKnownFileType = text.plist.xml; path = Info.plist; sourceTree = "<group>"; };
		B6EA00842893F44900F30EDD /* TempleWallet.entitlements */ = {isa = PBXFileReference; lastKnownFileType = text.plist.entitlements; path = TempleWallet.entitlements; sourceTree = "<group>"; };
		B6EA00A42893F44B00F30EDD /* misc */ = {isa = PBXFileReference; lastKnownFileType = folder; name = misc; path = ../../../public/misc; sourceTree = "<group>"; };
		B6EA00A52893F44B00F30EDD /* confirm.html */ = {isa = PBXFileReference; lastKnownFileType = text.html; name = confirm.html; path = ../../../public/confirm.html; sourceTree = "<group>"; };
		B6EA00A62893F44B00F30EDD /* popup.html */ = {isa = PBXFileReference; lastKnownFileType = text.html; name = popup.html; path = ../../../public/popup.html; sourceTree = "<group>"; };
		B6EA00A72893F44B00F30EDD /* manifest.json */ = {isa = PBXFileReference; lastKnownFileType = text.json; name = manifest.json; path = ../../../public/manifest.json; sourceTree = "<group>"; };
		B6EA00A82893F44B00F30EDD /* fullpage.html */ = {isa = PBXFileReference; lastKnownFileType = text.html; name = fullpage.html; path = ../../../public/fullpage.html; sourceTree = "<group>"; };
		B6EA00A92893F44B00F30EDD /* options.html */ = {isa = PBXFileReference; lastKnownFileType = text.html; name = options.html; path = ../../../public/options.html; sourceTree = "<group>"; };
		B6EA00AA2893F44B00F30EDD /* _locales */ = {isa = PBXFileReference; lastKnownFileType = folder; name = _locales; path = ../../../public/_locales; sourceTree = "<group>"; };
/* End PBXFileReference section */

/* Begin PBXFrameworksBuildPhase section */
		B6EA00522893F44800F30EDD /* Frameworks */ = {
			isa = PBXFrameworksBuildPhase;
			buildActionMask = 2147483647;
			files = (
			);
			runOnlyForDeploymentPostprocessing = 0;
		};
		B6EA00642893F44900F30EDD /* Frameworks */ = {
			isa = PBXFrameworksBuildPhase;
			buildActionMask = 2147483647;
			files = (
			);
			runOnlyForDeploymentPostprocessing = 0;
		};
		B6EA00712893F44900F30EDD /* Frameworks */ = {
			isa = PBXFrameworksBuildPhase;
			buildActionMask = 2147483647;
			files = (
			);
			runOnlyForDeploymentPostprocessing = 0;
		};
		B6EA007B2893F44900F30EDD /* Frameworks */ = {
			isa = PBXFrameworksBuildPhase;
			buildActionMask = 2147483647;
			files = (
			);
			runOnlyForDeploymentPostprocessing = 0;
		};
/* End PBXFrameworksBuildPhase section */

/* Begin PBXGroup section */
		B6EA00412893F43E00F30EDD = {
			isa = PBXGroup;
			children = (
				B6EA00462893F43E00F30EDD /* Shared_App */,
				B6EA004F2893F44800F30EDD /* Shared_Ext */,
				B6EA00572893F44900F30EDD /* iOS_App */,
				B6EA00682893F44900F30EDD /* macOs_App */,
				B6EA00782893F44900F30EDD /* iOS_Ext */,
				B6EA00822893F44900F30EDD /* macOs_Ext */,
				B6EA00562893F44900F30EDD /* Products */,
			);
			sourceTree = "<group>";
		};
		B6EA00462893F43E00F30EDD /* Shared_App */ = {
			isa = PBXGroup;
			children = (
				B6EA004D2893F43E00F30EDD /* ViewController.swift */,
				B6EA004E2893F44800F30EDD /* Assets.xcassets */,
				B6EA00472893F43E00F30EDD /* Resources */,
			);
			path = Shared_App;
			sourceTree = "<group>";
		};
		B6EA00472893F43E00F30EDD /* Resources */ = {
			isa = PBXGroup;
			children = (
				B6EA00482893F43E00F30EDD /* Main.html */,
				B6EA004A2893F43E00F30EDD /* Icon.png */,
				B6EA004B2893F43E00F30EDD /* Style.css */,
				B6EA004C2893F43E00F30EDD /* Script.js */,
			);
			path = Resources;
			sourceTree = "<group>";
		};
		B6EA004F2893F44800F30EDD /* Shared_Ext */ = {
			isa = PBXGroup;
			children = (
				B6EA00A32893F44B00F30EDD /* Resources */,
				B6EA00502893F44800F30EDD /* SafariWebExtensionHandler.swift */,
			);
			path = Shared_Ext;
			sourceTree = "<group>";
		};
		B6EA00562893F44900F30EDD /* Products */ = {
			isa = PBXGroup;
			children = (
				B6EA00552893F44900F30EDD /* TempleWallet.app */,
				B6EA00672893F44900F30EDD /* TempleWallet.app */,
				B6EA00742893F44900F30EDD /* TempleWallet Extension.appex */,
				B6EA007E2893F44900F30EDD /* TempleWallet Extension.appex */,
			);
			name = Products;
			sourceTree = "<group>";
		};
		B6EA00572893F44900F30EDD /* iOS_App */ = {
			isa = PBXGroup;
			children = (
				B6EA00582893F44900F30EDD /* AppDelegate.swift */,
				B6EA005A2893F44900F30EDD /* SceneDelegate.swift */,
				B6EA005C2893F44900F30EDD /* LaunchScreen.storyboard */,
				B6EA005F2893F44900F30EDD /* Main.storyboard */,
				B6EA00622893F44900F30EDD /* Info.plist */,
			);
			path = iOS_App;
			sourceTree = "<group>";
		};
		B6EA00682893F44900F30EDD /* macOs_App */ = {
			isa = PBXGroup;
			children = (
				B6EA00692893F44900F30EDD /* AppDelegate.swift */,
				B6EA006B2893F44900F30EDD /* Main.storyboard */,
				B6EA006E2893F44900F30EDD /* Info.plist */,
				B6EA006F2893F44900F30EDD /* TempleWallet.entitlements */,
			);
			path = macOs_App;
			sourceTree = "<group>";
		};
		B6EA00782893F44900F30EDD /* iOS_Ext */ = {
			isa = PBXGroup;
			children = (
				B6EA00792893F44900F30EDD /* Info.plist */,
			);
			path = iOS_Ext;
			sourceTree = "<group>";
		};
		B6EA00822893F44900F30EDD /* macOs_Ext */ = {
			isa = PBXGroup;
			children = (
				B6EA00832893F44900F30EDD /* Info.plist */,
				B6EA00842893F44900F30EDD /* TempleWallet.entitlements */,
			);
			path = macOs_Ext;
			sourceTree = "<group>";
		};
		B6EA00A32893F44B00F30EDD /* Resources */ = {
			isa = PBXGroup;
			children = (
				B6EA00A42893F44B00F30EDD /* misc */,
				B6EA00A52893F44B00F30EDD /* confirm.html */,
				B6EA00A62893F44B00F30EDD /* popup.html */,
				B6EA00A72893F44B00F30EDD /* manifest.json */,
				B6EA00A82893F44B00F30EDD /* fullpage.html */,
				B6EA00A92893F44B00F30EDD /* options.html */,
				B6EA00AA2893F44B00F30EDD /* _locales */,
			);
			name = Resources;
			path = "Shared (Extension)";
			sourceTree = SOURCE_ROOT;
		};
/* End PBXGroup section */

/* Begin PBXNativeTarget section */
		B6EA00542893F44800F30EDD /* ios */ = {
			isa = PBXNativeTarget;
			buildConfigurationList = B6EA00992893F44900F30EDD /* Build configuration list for PBXNativeTarget "ios" */;
			buildPhases = (
				B6EA00512893F44800F30EDD /* Sources */,
				B6EA00522893F44800F30EDD /* Frameworks */,
				B6EA00532893F44800F30EDD /* Resources */,
				B6EA00982893F44900F30EDD /* Embed App Extensions */,
			);
			buildRules = (
			);
			dependencies = (
				B6EA00772893F44900F30EDD /* PBXTargetDependency */,
			);
			name = ios;
			productName = "TempleWallet (iOS)";
			productReference = B6EA00552893F44900F30EDD /* TempleWallet.app */;
			productType = "com.apple.product-type.application";
		};
		B6EA00662893F44900F30EDD /* macos */ = {
			isa = PBXNativeTarget;
			buildConfigurationList = B6EA00A02893F44900F30EDD /* Build configuration list for PBXNativeTarget "macos" */;
			buildPhases = (
				B6EA00632893F44900F30EDD /* Sources */,
				B6EA00642893F44900F30EDD /* Frameworks */,
				B6EA00652893F44900F30EDD /* Resources */,
				B6EA009F2893F44900F30EDD /* Embed App Extensions */,
			);
			buildRules = (
			);
			dependencies = (
				B6EA00812893F44900F30EDD /* PBXTargetDependency */,
			);
			name = macos;
			productName = "TempleWallet (macOS)";
			productReference = B6EA00672893F44900F30EDD /* TempleWallet.app */;
			productType = "com.apple.product-type.application";
		};
		B6EA00732893F44900F30EDD /* TempleWallet Extension (iOS) */ = {
			isa = PBXNativeTarget;
			buildConfigurationList = B6EA00952893F44900F30EDD /* Build configuration list for PBXNativeTarget "TempleWallet Extension (iOS)" */;
			buildPhases = (
				B6EA00702893F44900F30EDD /* Sources */,
				B6EA00712893F44900F30EDD /* Frameworks */,
				B6EA00722893F44900F30EDD /* Resources */,
			);
			buildRules = (
			);
			dependencies = (
			);
			name = "TempleWallet Extension (iOS)";
			productName = "TempleWallet Extension (iOS)";
			productReference = B6EA00742893F44900F30EDD /* TempleWallet Extension.appex */;
			productType = "com.apple.product-type.app-extension";
		};
		B6EA007D2893F44900F30EDD /* TempleWallet Extension (macOS) */ = {
			isa = PBXNativeTarget;
			buildConfigurationList = B6EA009C2893F44900F30EDD /* Build configuration list for PBXNativeTarget "TempleWallet Extension (macOS)" */;
			buildPhases = (
				B6EA007A2893F44900F30EDD /* Sources */,
				B6EA007B2893F44900F30EDD /* Frameworks */,
				B6EA007C2893F44900F30EDD /* Resources */,
			);
			buildRules = (
			);
			dependencies = (
			);
			name = "TempleWallet Extension (macOS)";
			productName = "TempleWallet Extension (macOS)";
			productReference = B6EA007E2893F44900F30EDD /* TempleWallet Extension.appex */;
			productType = "com.apple.product-type.app-extension";
		};
/* End PBXNativeTarget section */

/* Begin PBXProject section */
		B6EA00422893F43E00F30EDD /* Project object */ = {
			isa = PBXProject;
			attributes = {
				BuildIndependentTargetsInParallel = 1;
				LastSwiftUpdateCheck = 1340;
				LastUpgradeCheck = 1340;
				TargetAttributes = {
					B6EA00542893F44800F30EDD = {
						CreatedOnToolsVersion = 13.4;
					};
					B6EA00662893F44900F30EDD = {
						CreatedOnToolsVersion = 13.4;
					};
					B6EA00732893F44900F30EDD = {
						CreatedOnToolsVersion = 13.4;
					};
					B6EA007D2893F44900F30EDD = {
						CreatedOnToolsVersion = 13.4;
					};
				};
			};
			buildConfigurationList = B6EA00452893F43E00F30EDD /* Build configuration list for PBXProject "TempleWallet" */;
			compatibilityVersion = "Xcode 13.0";
			developmentRegion = en;
			hasScannedForEncodings = 0;
			knownRegions = (
				en,
				Base,
			);
			mainGroup = B6EA00412893F43E00F30EDD;
			productRefGroup = B6EA00562893F44900F30EDD /* Products */;
			projectDirPath = "";
			projectRoot = "";
			targets = (
				B6EA00542893F44800F30EDD /* ios */,
				B6EA00662893F44900F30EDD /* macos */,
				B6EA00732893F44900F30EDD /* TempleWallet Extension (iOS) */,
				B6EA007D2893F44900F30EDD /* TempleWallet Extension (macOS) */,
			);
		};
/* End PBXProject section */

/* Begin PBXResourcesBuildPhase section */
		B6EA00532893F44800F30EDD /* Resources */ = {
			isa = PBXResourcesBuildPhase;
			buildActionMask = 2147483647;
			files = (
				B6EA00872893F44900F30EDD /* Icon.png in Resources */,
				B6EA005E2893F44900F30EDD /* LaunchScreen.storyboard in Resources */,
				B6EA00852893F44900F30EDD /* Main.html in Resources */,
				B6EA008B2893F44900F30EDD /* Script.js in Resources */,
				B6EA008F2893F44900F30EDD /* Assets.xcassets in Resources */,
				B6EA00612893F44900F30EDD /* Main.storyboard in Resources */,
				B6EA00892893F44900F30EDD /* Style.css in Resources */,
			);
			runOnlyForDeploymentPostprocessing = 0;
		};
		B6EA00652893F44900F30EDD /* Resources */ = {
			isa = PBXResourcesBuildPhase;
			buildActionMask = 2147483647;
			files = (
				B6EA00882893F44900F30EDD /* Icon.png in Resources */,
				B6EA008A2893F44900F30EDD /* Style.css in Resources */,
				B6EA006D2893F44900F30EDD /* Main.storyboard in Resources */,
				B6EA008C2893F44900F30EDD /* Script.js in Resources */,
				B6EA00902893F44900F30EDD /* Assets.xcassets in Resources */,
				B6EA00862893F44900F30EDD /* Main.html in Resources */,
			);
			runOnlyForDeploymentPostprocessing = 0;
		};
		B6EA00722893F44900F30EDD /* Resources */ = {
			isa = PBXResourcesBuildPhase;
			buildActionMask = 2147483647;
			files = (
				B6EA00B52893F44B00F30EDD /* manifest.json in Resources */,
				B6EA00B22893F44B00F30EDD /* misc in Resources */,
				B6EA00B42893F44B00F30EDD /* popup.html in Resources */,
				B6EA00B32893F44B00F30EDD /* confirm.html in Resources */,
				B6EA00B62893F44B00F30EDD /* fullpage.html in Resources */,
				B6EA00B82893F44B00F30EDD /* _locales in Resources */,
				B6EA00B72893F44B00F30EDD /* options.html in Resources */,
			);
			runOnlyForDeploymentPostprocessing = 0;
		};
		B6EA007C2893F44900F30EDD /* Resources */ = {
			isa = PBXResourcesBuildPhase;
			buildActionMask = 2147483647;
			files = (
				B6EA00AE2893F44B00F30EDD /* manifest.json in Resources */,
				B6EA00AB2893F44B00F30EDD /* misc in Resources */,
				B6EA00AD2893F44B00F30EDD /* popup.html in Resources */,
				B6EA00AC2893F44B00F30EDD /* confirm.html in Resources */,
				B6EA00AF2893F44B00F30EDD /* fullpage.html in Resources */,
				B6EA00B12893F44B00F30EDD /* _locales in Resources */,
				B6EA00B02893F44B00F30EDD /* options.html in Resources */,
			);
			runOnlyForDeploymentPostprocessing = 0;
		};
/* End PBXResourcesBuildPhase section */

/* Begin PBXSourcesBuildPhase section */
		B6EA00512893F44800F30EDD /* Sources */ = {
			isa = PBXSourcesBuildPhase;
			buildActionMask = 2147483647;
			files = (
				B6EA008D2893F44900F30EDD /* ViewController.swift in Sources */,
				B6EA00592893F44900F30EDD /* AppDelegate.swift in Sources */,
				B6EA005B2893F44900F30EDD /* SceneDelegate.swift in Sources */,
			);
			runOnlyForDeploymentPostprocessing = 0;
		};
		B6EA00632893F44900F30EDD /* Sources */ = {
			isa = PBXSourcesBuildPhase;
			buildActionMask = 2147483647;
			files = (
				B6EA008E2893F44900F30EDD /* ViewController.swift in Sources */,
				B6EA006A2893F44900F30EDD /* AppDelegate.swift in Sources */,
			);
			runOnlyForDeploymentPostprocessing = 0;
		};
		B6EA00702893F44900F30EDD /* Sources */ = {
			isa = PBXSourcesBuildPhase;
			buildActionMask = 2147483647;
			files = (
				B6EA00912893F44900F30EDD /* SafariWebExtensionHandler.swift in Sources */,
			);
			runOnlyForDeploymentPostprocessing = 0;
		};
		B6EA007A2893F44900F30EDD /* Sources */ = {
			isa = PBXSourcesBuildPhase;
			buildActionMask = 2147483647;
			files = (
				B6EA00922893F44900F30EDD /* SafariWebExtensionHandler.swift in Sources */,
			);
			runOnlyForDeploymentPostprocessing = 0;
		};
/* End PBXSourcesBuildPhase section */

/* Begin PBXTargetDependency section */
		B6EA00772893F44900F30EDD /* PBXTargetDependency */ = {
			isa = PBXTargetDependency;
			target = B6EA00732893F44900F30EDD /* TempleWallet Extension (iOS) */;
			targetProxy = B6EA00762893F44900F30EDD /* PBXContainerItemProxy */;
		};
		B6EA00812893F44900F30EDD /* PBXTargetDependency */ = {
			isa = PBXTargetDependency;
			target = B6EA007D2893F44900F30EDD /* TempleWallet Extension (macOS) */;
			targetProxy = B6EA00802893F44900F30EDD /* PBXContainerItemProxy */;
		};
/* End PBXTargetDependency section */

/* Begin PBXVariantGroup section */
		B6EA00482893F43E00F30EDD /* Main.html */ = {
			isa = PBXVariantGroup;
			children = (
				B6EA00492893F43E00F30EDD /* Base */,
			);
			name = Main.html;
			sourceTree = "<group>";
		};
		B6EA005C2893F44900F30EDD /* LaunchScreen.storyboard */ = {
			isa = PBXVariantGroup;
			children = (
				B6EA005D2893F44900F30EDD /* Base */,
			);
			name = LaunchScreen.storyboard;
			sourceTree = "<group>";
		};
		B6EA005F2893F44900F30EDD /* Main.storyboard */ = {
			isa = PBXVariantGroup;
			children = (
				B6EA00602893F44900F30EDD /* Base */,
			);
			name = Main.storyboard;
			sourceTree = "<group>";
		};
		B6EA006B2893F44900F30EDD /* Main.storyboard */ = {
			isa = PBXVariantGroup;
			children = (
				B6EA006C2893F44900F30EDD /* Base */,
			);
			name = Main.storyboard;
			sourceTree = "<group>";
		};
/* End PBXVariantGroup section */

/* Begin XCBuildConfiguration section */
		B6EA00932893F44900F30EDD /* Debug */ = {
			isa = XCBuildConfiguration;
			buildSettings = {
				ALWAYS_SEARCH_USER_PATHS = NO;
				CLANG_ANALYZER_NONNULL = YES;
				CLANG_ANALYZER_NUMBER_OBJECT_CONVERSION = YES_AGGRESSIVE;
				CLANG_CXX_LANGUAGE_STANDARD = "gnu++17";
				CLANG_ENABLE_MODULES = YES;
				CLANG_ENABLE_OBJC_ARC = YES;
				CLANG_ENABLE_OBJC_WEAK = YES;
				CLANG_WARN_BLOCK_CAPTURE_AUTORELEASING = YES;
				CLANG_WARN_BOOL_CONVERSION = YES;
				CLANG_WARN_COMMA = YES;
				CLANG_WARN_CONSTANT_CONVERSION = YES;
				CLANG_WARN_DEPRECATED_OBJC_IMPLEMENTATIONS = YES;
				CLANG_WARN_DIRECT_OBJC_ISA_USAGE = YES_ERROR;
				CLANG_WARN_DOCUMENTATION_COMMENTS = YES;
				CLANG_WARN_EMPTY_BODY = YES;
				CLANG_WARN_ENUM_CONVERSION = YES;
				CLANG_WARN_INFINITE_RECURSION = YES;
				CLANG_WARN_INT_CONVERSION = YES;
				CLANG_WARN_NON_LITERAL_NULL_CONVERSION = YES;
				CLANG_WARN_OBJC_IMPLICIT_RETAIN_SELF = YES;
				CLANG_WARN_OBJC_LITERAL_CONVERSION = YES;
				CLANG_WARN_OBJC_ROOT_CLASS = YES_ERROR;
				CLANG_WARN_QUOTED_INCLUDE_IN_FRAMEWORK_HEADER = YES;
				CLANG_WARN_RANGE_LOOP_ANALYSIS = YES;
				CLANG_WARN_STRICT_PROTOTYPES = YES;
				CLANG_WARN_SUSPICIOUS_MOVE = YES;
				CLANG_WARN_UNGUARDED_AVAILABILITY = YES_AGGRESSIVE;
				CLANG_WARN_UNREACHABLE_CODE = YES;
				CLANG_WARN__DUPLICATE_METHOD_MATCH = YES;
				COPY_PHASE_STRIP = NO;
				DEBUG_INFORMATION_FORMAT = dwarf;
				ENABLE_STRICT_OBJC_MSGSEND = YES;
				ENABLE_TESTABILITY = YES;
				GCC_C_LANGUAGE_STANDARD = gnu11;
				GCC_DYNAMIC_NO_PIC = NO;
				GCC_NO_COMMON_BLOCKS = YES;
				GCC_OPTIMIZATION_LEVEL = 0;
				GCC_PREPROCESSOR_DEFINITIONS = (
					"DEBUG=1",
					"$(inherited)",
				);
				GCC_WARN_64_TO_32_BIT_CONVERSION = YES;
				GCC_WARN_ABOUT_RETURN_TYPE = YES_ERROR;
				GCC_WARN_UNDECLARED_SELECTOR = YES;
				GCC_WARN_UNINITIALIZED_AUTOS = YES_AGGRESSIVE;
				GCC_WARN_UNUSED_FUNCTION = YES;
				GCC_WARN_UNUSED_VARIABLE = YES;
				MTL_ENABLE_DEBUG_INFO = INCLUDE_SOURCE;
				MTL_FAST_MATH = YES;
				ONLY_ACTIVE_ARCH = YES;
				SWIFT_ACTIVE_COMPILATION_CONDITIONS = DEBUG;
				SWIFT_OPTIMIZATION_LEVEL = "-Onone";
			};
			name = Debug;
		};
		B6EA00942893F44900F30EDD /* Release */ = {
			isa = XCBuildConfiguration;
			buildSettings = {
				ALWAYS_SEARCH_USER_PATHS = NO;
				CLANG_ANALYZER_NONNULL = YES;
				CLANG_ANALYZER_NUMBER_OBJECT_CONVERSION = YES_AGGRESSIVE;
				CLANG_CXX_LANGUAGE_STANDARD = "gnu++17";
				CLANG_ENABLE_MODULES = YES;
				CLANG_ENABLE_OBJC_ARC = YES;
				CLANG_ENABLE_OBJC_WEAK = YES;
				CLANG_WARN_BLOCK_CAPTURE_AUTORELEASING = YES;
				CLANG_WARN_BOOL_CONVERSION = YES;
				CLANG_WARN_COMMA = YES;
				CLANG_WARN_CONSTANT_CONVERSION = YES;
				CLANG_WARN_DEPRECATED_OBJC_IMPLEMENTATIONS = YES;
				CLANG_WARN_DIRECT_OBJC_ISA_USAGE = YES_ERROR;
				CLANG_WARN_DOCUMENTATION_COMMENTS = YES;
				CLANG_WARN_EMPTY_BODY = YES;
				CLANG_WARN_ENUM_CONVERSION = YES;
				CLANG_WARN_INFINITE_RECURSION = YES;
				CLANG_WARN_INT_CONVERSION = YES;
				CLANG_WARN_NON_LITERAL_NULL_CONVERSION = YES;
				CLANG_WARN_OBJC_IMPLICIT_RETAIN_SELF = YES;
				CLANG_WARN_OBJC_LITERAL_CONVERSION = YES;
				CLANG_WARN_OBJC_ROOT_CLASS = YES_ERROR;
				CLANG_WARN_QUOTED_INCLUDE_IN_FRAMEWORK_HEADER = YES;
				CLANG_WARN_RANGE_LOOP_ANALYSIS = YES;
				CLANG_WARN_STRICT_PROTOTYPES = YES;
				CLANG_WARN_SUSPICIOUS_MOVE = YES;
				CLANG_WARN_UNGUARDED_AVAILABILITY = YES_AGGRESSIVE;
				CLANG_WARN_UNREACHABLE_CODE = YES;
				CLANG_WARN__DUPLICATE_METHOD_MATCH = YES;
				COPY_PHASE_STRIP = NO;
				DEBUG_INFORMATION_FORMAT = "dwarf-with-dsym";
				ENABLE_NS_ASSERTIONS = NO;
				ENABLE_STRICT_OBJC_MSGSEND = YES;
				GCC_C_LANGUAGE_STANDARD = gnu11;
				GCC_NO_COMMON_BLOCKS = YES;
				GCC_WARN_64_TO_32_BIT_CONVERSION = YES;
				GCC_WARN_ABOUT_RETURN_TYPE = YES_ERROR;
				GCC_WARN_UNDECLARED_SELECTOR = YES;
				GCC_WARN_UNINITIALIZED_AUTOS = YES_AGGRESSIVE;
				GCC_WARN_UNUSED_FUNCTION = YES;
				GCC_WARN_UNUSED_VARIABLE = YES;
				MTL_ENABLE_DEBUG_INFO = NO;
				MTL_FAST_MATH = YES;
				SWIFT_COMPILATION_MODE = wholemodule;
				SWIFT_OPTIMIZATION_LEVEL = "-O";
			};
			name = Release;
		};
		B6EA00962893F44900F30EDD /* Debug */ = {
			isa = XCBuildConfiguration;
			buildSettings = {
				CODE_SIGN_STYLE = Automatic;
				CURRENT_PROJECT_VERSION = 1;
				GENERATE_INFOPLIST_FILE = YES;
				INFOPLIST_FILE = iOS_Ext/Info.plist;
				INFOPLIST_KEY_CFBundleDisplayName = "TempleWallet Extension";
				INFOPLIST_KEY_NSHumanReadableCopyright = "";
				IPHONEOS_DEPLOYMENT_TARGET = 15.0;
				LD_RUNPATH_SEARCH_PATHS = (
					"$(inherited)",
					"@executable_path/Frameworks",
					"@executable_path/../../Frameworks",
				);
				MARKETING_VERSION = 1.0;
				OTHER_LDFLAGS = (
					"-framework",
					SafariServices,
				);
				PRODUCT_BUNDLE_IDENTIFIER = "com.madfish.temple-wallet-extension";
				PRODUCT_NAME = "TempleWallet Extension";
				SDKROOT = iphoneos;
				SKIP_INSTALL = YES;
				SWIFT_EMIT_LOC_STRINGS = YES;
				SWIFT_VERSION = 5.0;
				TARGETED_DEVICE_FAMILY = "1,2";
			};
			name = Debug;
		};
		B6EA00972893F44900F30EDD /* Release */ = {
			isa = XCBuildConfiguration;
			buildSettings = {
				CODE_SIGN_STYLE = Automatic;
				CURRENT_PROJECT_VERSION = 1;
				GENERATE_INFOPLIST_FILE = YES;
				INFOPLIST_FILE = iOS_Ext/Info.plist;
				INFOPLIST_KEY_CFBundleDisplayName = "TempleWallet Extension";
				INFOPLIST_KEY_NSHumanReadableCopyright = "";
				IPHONEOS_DEPLOYMENT_TARGET = 15.0;
				LD_RUNPATH_SEARCH_PATHS = (
					"$(inherited)",
					"@executable_path/Frameworks",
					"@executable_path/../../Frameworks",
				);
				MARKETING_VERSION = 1.0;
				OTHER_LDFLAGS = (
					"-framework",
					SafariServices,
				);
				PRODUCT_BUNDLE_IDENTIFIER = "com.madfish.temple-wallet-extension";
				PRODUCT_NAME = "TempleWallet Extension";
				SDKROOT = iphoneos;
				SKIP_INSTALL = YES;
				SWIFT_EMIT_LOC_STRINGS = YES;
				SWIFT_VERSION = 5.0;
				TARGETED_DEVICE_FAMILY = "1,2";
				VALIDATE_PRODUCT = YES;
			};
			name = Release;
		};
		B6EA009A2893F44900F30EDD /* Debug */ = {
			isa = XCBuildConfiguration;
			buildSettings = {
				ALWAYS_EMBED_SWIFT_STANDARD_LIBRARIES = YES;
				ASSETCATALOG_COMPILER_APPICON_NAME = AppIcon;
				ASSETCATALOG_COMPILER_GLOBAL_ACCENT_COLOR_NAME = AccentColor;
				CODE_SIGN_STYLE = Automatic;
				CURRENT_PROJECT_VERSION = 1;
				GENERATE_INFOPLIST_FILE = YES;
				INFOPLIST_FILE = iOS_App/Info.plist;
				INFOPLIST_KEY_CFBundleDisplayName = TempleWallet;
				INFOPLIST_KEY_UIApplicationSupportsIndirectInputEvents = YES;
				INFOPLIST_KEY_UILaunchStoryboardName = LaunchScreen;
				INFOPLIST_KEY_UIMainStoryboardFile = Main;
				INFOPLIST_KEY_UISupportedInterfaceOrientations = "UIInterfaceOrientationPortrait UIInterfaceOrientationLandscapeLeft UIInterfaceOrientationLandscapeRight";
				INFOPLIST_KEY_UISupportedInterfaceOrientations_iPad = "UIInterfaceOrientationPortrait UIInterfaceOrientationPortraitUpsideDown UIInterfaceOrientationLandscapeLeft UIInterfaceOrientationLandscapeRight";
				IPHONEOS_DEPLOYMENT_TARGET = 15.0;
				LD_RUNPATH_SEARCH_PATHS = (
					"$(inherited)",
					"@executable_path/Frameworks",
				);
				MARKETING_VERSION = 1.0;
				OTHER_LDFLAGS = (
					"-framework",
					SafariServices,
					"-framework",
					WebKit,
				);
				PRODUCT_BUNDLE_IDENTIFIER = "com.madfish.temple-wallet-extension";
				PRODUCT_NAME = TempleWallet;
				SDKROOT = iphoneos;
				SWIFT_EMIT_LOC_STRINGS = YES;
				SWIFT_VERSION = 5.0;
				TARGETED_DEVICE_FAMILY = "1,2";
			};
			name = Debug;
		};
		B6EA009B2893F44900F30EDD /* Release */ = {
			isa = XCBuildConfiguration;
			buildSettings = {
				ALWAYS_EMBED_SWIFT_STANDARD_LIBRARIES = YES;
				ASSETCATALOG_COMPILER_APPICON_NAME = AppIcon;
				ASSETCATALOG_COMPILER_GLOBAL_ACCENT_COLOR_NAME = AccentColor;
				CODE_SIGN_STYLE = Automatic;
				CURRENT_PROJECT_VERSION = 1;
				GENERATE_INFOPLIST_FILE = YES;
				INFOPLIST_FILE = iOS_App/Info.plist;
				INFOPLIST_KEY_CFBundleDisplayName = TempleWallet;
				INFOPLIST_KEY_UIApplicationSupportsIndirectInputEvents = YES;
				INFOPLIST_KEY_UILaunchStoryboardName = LaunchScreen;
				INFOPLIST_KEY_UIMainStoryboardFile = Main;
				INFOPLIST_KEY_UISupportedInterfaceOrientations = "UIInterfaceOrientationPortrait UIInterfaceOrientationLandscapeLeft UIInterfaceOrientationLandscapeRight";
				INFOPLIST_KEY_UISupportedInterfaceOrientations_iPad = "UIInterfaceOrientationPortrait UIInterfaceOrientationPortraitUpsideDown UIInterfaceOrientationLandscapeLeft UIInterfaceOrientationLandscapeRight";
				IPHONEOS_DEPLOYMENT_TARGET = 15.0;
				LD_RUNPATH_SEARCH_PATHS = (
					"$(inherited)",
					"@executable_path/Frameworks",
				);
				MARKETING_VERSION = 1.0;
				OTHER_LDFLAGS = (
					"-framework",
					SafariServices,
					"-framework",
					WebKit,
				);
				PRODUCT_BUNDLE_IDENTIFIER = "com.madfish.temple-wallet-extension";
				PRODUCT_NAME = TempleWallet;
				SDKROOT = iphoneos;
				SWIFT_EMIT_LOC_STRINGS = YES;
				SWIFT_VERSION = 5.0;
				TARGETED_DEVICE_FAMILY = "1,2";
				VALIDATE_PRODUCT = YES;
			};
			name = Release;
		};
		B6EA009D2893F44900F30EDD /* Debug */ = {
			isa = XCBuildConfiguration;
			buildSettings = {
				CODE_SIGN_ENTITLEMENTS = "macOS (Extension)/TempleWallet.entitlements";
				CODE_SIGN_STYLE = Automatic;
				CURRENT_PROJECT_VERSION = 1;
				ENABLE_HARDENED_RUNTIME = YES;
				GENERATE_INFOPLIST_FILE = YES;
				INFOPLIST_FILE = macOs_Ext/Info.plist;
				INFOPLIST_KEY_CFBundleDisplayName = "TempleWallet Extension";
				INFOPLIST_KEY_NSHumanReadableCopyright = "";
				LD_RUNPATH_SEARCH_PATHS = (
					"$(inherited)",
					"@executable_path/../Frameworks",
					"@executable_path/../../../../Frameworks",
				);
				MACOSX_DEPLOYMENT_TARGET = 10.14;
				MARKETING_VERSION = 1.0;
				OTHER_LDFLAGS = (
					"-framework",
					SafariServices,
				);
				PRODUCT_BUNDLE_IDENTIFIER = "com.madfish.temple-wallet-extension";
				PRODUCT_NAME = "TempleWallet Extension";
				SDKROOT = macosx;
				SKIP_INSTALL = YES;
				SWIFT_EMIT_LOC_STRINGS = YES;
				SWIFT_VERSION = 5.0;
			};
			name = Debug;
		};
		B6EA009E2893F44900F30EDD /* Release */ = {
			isa = XCBuildConfiguration;
			buildSettings = {
				CODE_SIGN_ENTITLEMENTS = "macOS (Extension)/TempleWallet.entitlements";
				CODE_SIGN_STYLE = Automatic;
				CURRENT_PROJECT_VERSION = 1;
				ENABLE_HARDENED_RUNTIME = YES;
				GENERATE_INFOPLIST_FILE = YES;
				INFOPLIST_FILE = macOs_Ext/Info.plist;
				INFOPLIST_KEY_CFBundleDisplayName = "TempleWallet Extension";
				INFOPLIST_KEY_NSHumanReadableCopyright = "";
				LD_RUNPATH_SEARCH_PATHS = (
					"$(inherited)",
					"@executable_path/../Frameworks",
					"@executable_path/../../../../Frameworks",
				);
				MACOSX_DEPLOYMENT_TARGET = 10.14;
				MARKETING_VERSION = 1.0;
				OTHER_LDFLAGS = (
					"-framework",
					SafariServices,
				);
				PRODUCT_BUNDLE_IDENTIFIER = "com.madfish.temple-wallet-extension";
				PRODUCT_NAME = "TempleWallet Extension";
				SDKROOT = macosx;
				SKIP_INSTALL = YES;
				SWIFT_EMIT_LOC_STRINGS = YES;
				SWIFT_VERSION = 5.0;
			};
			name = Release;
		};
		B6EA00A12893F44900F30EDD /* Debug */ = {
			isa = XCBuildConfiguration;
			buildSettings = {
				ALWAYS_EMBED_SWIFT_STANDARD_LIBRARIES = YES;
				ASSETCATALOG_COMPILER_APPICON_NAME = AppIcon;
				ASSETCATALOG_COMPILER_GLOBAL_ACCENT_COLOR_NAME = AccentColor;
				CODE_SIGN_ENTITLEMENTS = "macOS (App)/TempleWallet.entitlements";
				CODE_SIGN_STYLE = Automatic;
				CURRENT_PROJECT_VERSION = 1;
				ENABLE_HARDENED_RUNTIME = YES;
				GENERATE_INFOPLIST_FILE = YES;
				INFOPLIST_FILE = macOs_App/Info.plist;
				INFOPLIST_KEY_CFBundleDisplayName = TempleWallet;
				INFOPLIST_KEY_NSMainStoryboardFile = Main;
				INFOPLIST_KEY_NSPrincipalClass = NSApplication;
				LD_RUNPATH_SEARCH_PATHS = (
					"$(inherited)",
					"@executable_path/../Frameworks",
				);
				MACOSX_DEPLOYMENT_TARGET = 10.14;
				MARKETING_VERSION = 1.0;
				OTHER_LDFLAGS = (
					"-framework",
					SafariServices,
					"-framework",
					WebKit,
				);
				PRODUCT_BUNDLE_IDENTIFIER = "com.madfish.temple-wallet-extension";
				PRODUCT_NAME = TempleWallet;
				SDKROOT = macosx;
				SWIFT_EMIT_LOC_STRINGS = YES;
				SWIFT_VERSION = 5.0;
			};
			name = Debug;
		};
		B6EA00A22893F44900F30EDD /* Release */ = {
			isa = XCBuildConfiguration;
			buildSettings = {
				ALWAYS_EMBED_SWIFT_STANDARD_LIBRARIES = YES;
				ASSETCATALOG_COMPILER_APPICON_NAME = AppIcon;
				ASSETCATALOG_COMPILER_GLOBAL_ACCENT_COLOR_NAME = AccentColor;
				CODE_SIGN_ENTITLEMENTS = "macOS (App)/TempleWallet.entitlements";
				CODE_SIGN_STYLE = Automatic;
				CURRENT_PROJECT_VERSION = 1;
				ENABLE_HARDENED_RUNTIME = YES;
				GENERATE_INFOPLIST_FILE = YES;
				INFOPLIST_FILE = macOs_App/Info.plist;
				INFOPLIST_KEY_CFBundleDisplayName = TempleWallet;
				INFOPLIST_KEY_NSMainStoryboardFile = Main;
				INFOPLIST_KEY_NSPrincipalClass = NSApplication;
				LD_RUNPATH_SEARCH_PATHS = (
					"$(inherited)",
					"@executable_path/../Frameworks",
				);
				MACOSX_DEPLOYMENT_TARGET = 10.14;
				MARKETING_VERSION = 1.0;
				OTHER_LDFLAGS = (
					"-framework",
					SafariServices,
					"-framework",
					WebKit,
				);
				PRODUCT_BUNDLE_IDENTIFIER = "com.madfish.temple-wallet-extension";
				PRODUCT_NAME = TempleWallet;
				SDKROOT = macosx;
				SWIFT_EMIT_LOC_STRINGS = YES;
				SWIFT_VERSION = 5.0;
			};
			name = Release;
		};
/* End XCBuildConfiguration section */

/* Begin XCConfigurationList section */
		B6EA00452893F43E00F30EDD /* Build configuration list for PBXProject "TempleWallet" */ = {
			isa = XCConfigurationList;
			buildConfigurations = (
				B6EA00932893F44900F30EDD /* Debug */,
				B6EA00942893F44900F30EDD /* Release */,
			);
			defaultConfigurationIsVisible = 0;
			defaultConfigurationName = Release;
		};
		B6EA00952893F44900F30EDD /* Build configuration list for PBXNativeTarget "TempleWallet Extension (iOS)" */ = {
			isa = XCConfigurationList;
			buildConfigurations = (
				B6EA00962893F44900F30EDD /* Debug */,
				B6EA00972893F44900F30EDD /* Release */,
			);
			defaultConfigurationIsVisible = 0;
			defaultConfigurationName = Release;
		};
		B6EA00992893F44900F30EDD /* Build configuration list for PBXNativeTarget "ios" */ = {
			isa = XCConfigurationList;
			buildConfigurations = (
				B6EA009A2893F44900F30EDD /* Debug */,
				B6EA009B2893F44900F30EDD /* Release */,
			);
			defaultConfigurationIsVisible = 0;
			defaultConfigurationName = Release;
		};
		B6EA009C2893F44900F30EDD /* Build configuration list for PBXNativeTarget "TempleWallet Extension (macOS)" */ = {
			isa = XCConfigurationList;
			buildConfigurations = (
				B6EA009D2893F44900F30EDD /* Debug */,
				B6EA009E2893F44900F30EDD /* Release */,
			);
			defaultConfigurationIsVisible = 0;
			defaultConfigurationName = Release;
		};
		B6EA00A02893F44900F30EDD /* Build configuration list for PBXNativeTarget "macos" */ = {
			isa = XCConfigurationList;
			buildConfigurations = (
				B6EA00A12893F44900F30EDD /* Debug */,
				B6EA00A22893F44900F30EDD /* Release */,
			);
			defaultConfigurationIsVisible = 0;
			defaultConfigurationName = Release;
		};
/* End XCConfigurationList section */
	};
	rootObject = B6EA00422893F43E00F30EDD /* Project object */;
}
